{
  "object": {
    "pins": [
      {
        "package": "Facebook",
        "repositoryURL": "https://github.com/facebook/facebook-ios-sdk",
        "state": {
          "branch": null,
          "revision": "0470d1319adb3eb1d29cb489b93574d799fcc0eb",
          "version": "12.3.1"
        }
      }
    ]
  },
  "version": 1
}
